
Microsoft Visual Studio Solution File, Format Version 12.00
# Visual Studio Version 17
VisualStudioVersion = 17.9.34622.214
MinimumVisualStudioVersion = 10.0.40219.1
Project("{FAE04EC0-301F-11D3-BF4B-00C04F79EFBC}") = "WELLTRACKSOFT", "WELLTRACKSOFT\WELLTRACKSOFT.csproj", "{24587D6F-E27F-4279-B71F-D27EE18FBCD2}"
EndProject
Global
	GlobalSection(SolutionConfigurationPlatforms) = preSolution
		Debug|Any CPU = Debug|Any CPU
		Release|Any CPU = Release|Any CPU
	EndGlobalSection
	GlobalSection(ProjectConfigurationPlatforms) = postSolution
		{24587D6F-E27F-4279-B71F-D27EE18FBCD2}.Debug|Any CPU.ActiveCfg = Debug|Any CPU
		{24587D6F-E27F-4279-B71F-D27EE18FBCD2}.Debug|Any CPU.Build.0 = Debug|Any CPU
		{24587D6F-E27F-4279-B71F-D27EE18FBCD2}.Release|Any CPU.ActiveCfg = Release|Any CPU
		{24587D6F-E27F-4279-B71F-D27EE18FBCD2}.Release|Any CPU.Build.0 = Release|Any CPU
	EndGlobalSection
	GlobalSection(SolutionProperties) = preSolution
		HideSolutionNode = FALSE
	EndGlobalSection
	GlobalSection(ExtensibilityGlobals) = postSolution
		SolutionGuid = {325AB456-72F1-4BDF-94AD-B0524ECD0D7D}
	EndGlobalSection
EndGlobal
